
Microsoft Visual Studio Solution File, Format Version 11.00
# Visual Studio 2010
Project("{FAE04EC0-301F-11D3-BF4B-00C04F79EFBC}") = "Vistas", "Vistas\Vistas.csproj", "{8649B44F-1B68-4497-B886-B581DA375153}"
EndProject
Project("{FAE04EC0-301F-11D3-BF4B-00C04F79EFBC}") = "ClasesBase", "ClasesBase\ClasesBase.csproj", "{1E189496-DCD9-497C-86CC-CFB3ACEA3E0E}"
EndProject
Project("{54435603-DBB4-11D2-8724-00A0C9A8B90C}") = "Instalador SGP", "Instalador SGP\Instalador SGP.vdproj", "{4630D3E9-27BD-443C-B0C6-DBC5A66B18F2}"
EndProject
Global
	GlobalSection(SolutionConfigurationPlatforms) = preSolution
		Debug|Any CPU = Debug|Any CPU
		Debug|Mixed Platforms = Debug|Mixed Platforms
		Debug|x86 = Debug|x86
		Release|Any CPU = Release|Any CPU
		Release|Mixed Platforms = Release|Mixed Platforms
		Release|x86 = Release|x86
	EndGlobalSection
	GlobalSection(ProjectConfigurationPlatforms) = postSolution
		{8649B44F-1B68-4497-B886-B581DA375153}.Debug|Any CPU.ActiveCfg = Debug|x86
		{8649B44F-1B68-4497-B886-B581DA375153}.Debug|Mixed Platforms.ActiveCfg = Debug|x86
		{8649B44F-1B68-4497-B886-B581DA375153}.Debug|Mixed Platforms.Build.0 = Debug|x86
		{8649B44F-1B68-4497-B886-B581DA375153}.Debug|x86.ActiveCfg = Debug|x86
		{8649B44F-1B68-4497-B886-B581DA375153}.Debug|x86.Build.0 = Debug|x86
		{8649B44F-1B68-4497-B886-B581DA375153}.Release|Any CPU.ActiveCfg = Release|x86
		{8649B44F-1B68-4497-B886-B581DA375153}.Release|Mixed Platforms.ActiveCfg = Release|x86
		{8649B44F-1B68-4497-B886-B581DA375153}.Release|Mixed Platforms.Build.0 = Release|x86
		{8649B44F-1B68-4497-B886-B581DA375153}.Release|x86.ActiveCfg = Release|x86
		{8649B44F-1B68-4497-B886-B581DA375153}.Release|x86.Build.0 = Release|x86
		{1E189496-DCD9-497C-86CC-CFB3ACEA3E0E}.Debug|Any CPU.ActiveCfg = Debug|Any CPU
		{1E189496-DCD9-497C-86CC-CFB3ACEA3E0E}.Debug|Any CPU.Build.0 = Debug|Any CPU
		{1E189496-DCD9-497C-86CC-CFB3ACEA3E0E}.Debug|Mixed Platforms.ActiveCfg = Debug|Any CPU
		{1E189496-DCD9-497C-86CC-CFB3ACEA3E0E}.Debug|Mixed Platforms.Build.0 = Debug|Any CPU
		{1E189496-DCD9-497C-86CC-CFB3ACEA3E0E}.Debug|x86.ActiveCfg = Debug|Any CPU
		{1E189496-DCD9-497C-86CC-CFB3ACEA3E0E}.Release|Any CPU.ActiveCfg = Release|Any CPU
		{1E189496-DCD9-497C-86CC-CFB3ACEA3E0E}.Release|Any CPU.Build.0 = Release|Any CPU
		{1E189496-DCD9-497C-86CC-CFB3ACEA3E0E}.Release|Mixed Platforms.ActiveCfg = Release|Any CPU
		{1E189496-DCD9-497C-86CC-CFB3ACEA3E0E}.Release|Mixed Platforms.Build.0 = Release|Any CPU
		{1E189496-DCD9-497C-86CC-CFB3ACEA3E0E}.Release|x86.ActiveCfg = Release|Any CPU
		{4630D3E9-27BD-443C-B0C6-DBC5A66B18F2}.Debug|Any CPU.ActiveCfg = Debug
		{4630D3E9-27BD-443C-B0C6-DBC5A66B18F2}.Debug|Mixed Platforms.ActiveCfg = Debug
		{4630D3E9-27BD-443C-B0C6-DBC5A66B18F2}.Debug|x86.ActiveCfg = Debug
		{4630D3E9-27BD-443C-B0C6-DBC5A66B18F2}.Release|Any CPU.ActiveCfg = Release
		{4630D3E9-27BD-443C-B0C6-DBC5A66B18F2}.Release|Mixed Platforms.ActiveCfg = Release
		{4630D3E9-27BD-443C-B0C6-DBC5A66B18F2}.Release|x86.ActiveCfg = Release
	EndGlobalSection
	GlobalSection(SolutionProperties) = preSolution
		HideSolutionNode = FALSE
	EndGlobalSection
EndGlobal
